hash: 06c4b19015c0c57823e845f3279ad89e3adfa5421e00a83706b957da9e7f97d7
updated: 2019-09-03T13:35:50.690405+05:30
imports:
- name: github.com/360EntSecGroup-Skylar/excelize
  version: dc8210d4a7d18f6425f6f18dc383b26778883715
- name: github.com/go-stack/stack
  version: 2fee6af1a9795aafbe0253a0cfbdf668e1fb8a9a
- name: github.com/golang/snappy
  version: 2a8bb927dd31d8daada140a5d09578521ce5c36a
- name: github.com/mohae/deepcopy
  version: c48cc78d482608239f6c4c92a4abd87eb8761c90
- name: github.com/mongodb/mongo-go-driver
  version: d42ea7239f0db8a61e77191b9f2730a922459042
  subpackages:
  - bson/primitive
  - mongo
- name: github.com/xdg/scram
  version: 7eeb5667e42c09cb51bf7b7c28aea8c56767da90
- name: github.com/xdg/stringprep
  version: 73f8eece6fdcd902c185bf651de50f3828bed5ed
- name: go.mongodb.org/mongo-driver
  version: d42ea7239f0db8a61e77191b9f2730a922459042
  subpackages:
  - bson
  - bson/bsoncodec
  - bson/bsonrw
  - bson/bsontype
  - bson/primitive
  - event
  - internal
  - mongo/options
  - mongo/readconcern
  - mongo/readpref
  - mongo/writeconcern
  - mongo@~1.1.0
  - tag
  - version
  - x/bsonx
  - x/bsonx/bsoncore
  - x/mongo/driver
  - x/mongo/driver/address
  - x/mongo/driver/auth
  - x/mongo/driver/auth/internal/gssapi
  - x/mongo/driver/connstring
  - x/mongo/driver/description
  - x/mongo/driver/dns
  - x/mongo/driver/operation
  - x/mongo/driver/session
  - x/mongo/driver/topology
  - x/mongo/driver/uuid
  - x/mongo/driver/wiremessage
- name: golang.org/x/crypto
  version: 9756ffdc24725223350eb3266ffb92590d28f278
  subpackages:
  - pbkdf2
- name: golang.org/x/sync
  version: 112230192c580c3556b8cee6403af37a4fc5f28c
  subpackages:
  - semaphore
- name: golang.org/x/text
  version: 3d0f7978add91030e5e8976ff65ccdd828286cba
  subpackages:
  - transform
  - unicode/norm
testImports: []
